
Microsoft Visual Studio Solution File, Format Version 12.00
# Visual Studio Version 16
VisualStudioVersion = 16.0.31321.278
MinimumVisualStudioVersion = 10.0.40219.1
Project("{FAE04EC0-301F-11D3-BF4B-00C04F79EFBC}") = "EsiniBul", "EsiniBul\EsiniBul.csproj", "{5363801B-EEEE-4886-836F-4F4054BE39DB}"
EndProject
Global
	GlobalSection(SolutionConfigurationPlatforms) = preSolution
		Debug|Any CPU = Debug|Any CPU
		Release|Any CPU = Release|Any CPU
	EndGlobalSection
	GlobalSection(ProjectConfigurationPlatforms) = postSolution
		{5363801B-EEEE-4886-836F-4F4054BE39DB}.Debug|Any CPU.ActiveCfg = Debug|Any CPU
		{5363801B-EEEE-4886-836F-4F4054BE39DB}.Debug|Any CPU.Build.0 = Debug|Any CPU
		{5363801B-EEEE-4886-836F-4F4054BE39DB}.Release|Any CPU.ActiveCfg = Release|Any CPU
		{5363801B-EEEE-4886-836F-4F4054BE39DB}.Release|Any CPU.Build.0 = Release|Any CPU
	EndGlobalSection
	GlobalSection(SolutionProperties) = preSolution
		HideSolutionNode = FALSE
	EndGlobalSection
	GlobalSection(ExtensibilityGlobals) = postSolution
		SolutionGuid = {F9E69334-FC46-4F95-82BE-7C3D499A109E}
	EndGlobalSection
EndGlobal
